// !$*UTF8*$!
{
	archiveVersion = 1;
	classes = {
	};
	objectVersion = 52;
	objects = {

/* Begin PBXBuildFile section */
		0207DA581B56EA530066E2B4 /* Images.xcassets in Resources */ = {isa = PBXBuildFile; fileRef = 0207DA571B56EA530066E2B4 /* Images.xcassets */; };
		0A9A3F9AB6BE4DA3B637B1CF /* NativeAudio.m in Sources */ = {isa = PBXBuildFile; fileRef = 348FA953A2BA408EB00C0388 /* NativeAudio.m */; };
		0AAC713C893E42AF9D84F343 /* CDVViewController+SplashScreen.m in Sources */ = {isa = PBXBuildFile; fileRef = A6F3207761344D80B8702D49 /* CDVViewController+SplashScreen.m */; };
		0AB01F07C4854B96B18227F9 /* Fabric.framework in Frameworks */ = {isa = PBXBuildFile; fileRef = 1515213864A0461DA2AD4691 /* Fabric.framework */; };
		0C42CA6329B54711BFC13D4F /* CDVJpegHeaderWriter.m in Sources */ = {isa = PBXBuildFile; fileRef = 4856BFBF0B104CF691C451DD /* CDVJpegHeaderWriter.m */; };
		109B9C03D4B64B83A34657EC /* CoreTelephony.framework in Frameworks */ = {isa = PBXBuildFile; fileRef = 66866C6A0DAF46E29B9010D6 /* CoreTelephony.framework */; };
		1C1F9C43B92743B598FB832F /* CoreLocation.framework in Frameworks */ = {isa = PBXBuildFile; fileRef = 2E27A58DDABF4AFF8DEADD8B /* CoreLocation.framework */; };
		1D2BE9982FB04668ABBAD280 /* CFCallNumber.m in Sources */ = {isa = PBXBuildFile; fileRef = EC2D27C48D90474E8F19598A /* CFCallNumber.m */; };
		1D3623260D0F684500981E51 /* AppDelegate.m in Sources */ = {isa = PBXBuildFile; fileRef = 1D3623250D0F684500981E51 /* AppDelegate.m */; };
		1D60589B0D05DD56006BFB54 /* main.m in Sources */ = {isa = PBXBuildFile; fileRef = 29B97316FDCFA39411CA2CEA /* main.m */; };
		23928348FC9341B5B9F1CDA6 /* CDVConnection.m in Sources */ = {isa = PBXBuildFile; fileRef = 8B07DD520CC1492B83C6E6CE /* CDVConnection.m */; };
		2D943ACBD4DC4FFF9969D497 /* NativeAudioAsset.m in Sources */ = {isa = PBXBuildFile; fileRef = 592E775A498F46CA98389D00 /* NativeAudioAsset.m */; };
		301BF552109A68D80062928A /* libCordova.a in Frameworks */ = {isa = PBXBuildFile; fileRef = 301BF535109A57CC0062928A /* libCordova.a */; settings = {ATTRIBUTES = (Required, ); }; };
		302D95F114D2391D003F00A1 /* MainViewController.m in Sources */ = {isa = PBXBuildFile; fileRef = 302D95EF14D2391D003F00A1 /* MainViewController.m */; };
		302D95F214D2391D003F00A1 /* MainViewController.xib in Resources */ = {isa = PBXBuildFile; fileRef = 302D95F014D2391D003F00A1 /* MainViewController.xib */; };
		303345D958F14148B3DC76BF /* CDVSplashScreen.m in Sources */ = {isa = PBXBuildFile; fileRef = CB24F60E08404F66B8FA3061 /* CDVSplashScreen.m */; };
		33FAE63830284024B56395D4 /* Protobuf.framework in Frameworks */ = {isa = PBXBuildFile; fileRef = 832D08F637884EDF9A29F4FF /* Protobuf.framework */; };
		35CBD59D9A654F4D8C0AC03A /* FirebaseMessaging.framework in Frameworks */ = {isa = PBXBuildFile; fileRef = 69A81898ECC441F1A5C905C4 /* FirebaseMessaging.framework */; };
		36CA724381F8495A85A74F50 /* MeasurementNanoPB.framework in Frameworks */ = {isa = PBXBuildFile; fileRef = 69372EA141484C428C1C91A2 /* MeasurementNanoPB.framework */; };
		397AAA3C232B481A8F03C31E /* FirebaseInstanceID.framework in Frameworks */ = {isa = PBXBuildFile; fileRef = C8162A3AAAF449BEBC8C8608 /* FirebaseInstanceID.framework */; };
		3B643AB40AC54817838C3686 /* FirebasePerformance.framework in Frameworks */ = {isa = PBXBuildFile; fileRef = C2F3BDF499E44C94999ACD3B /* FirebasePerformance.framework */; };
		3E9DDDF53AC747889FD3C2E5 /* FirebaseCoreDiagnostics.framework in Frameworks */ = {isa = PBXBuildFile; fileRef = 037B755F05DE42018FB65281 /* FirebaseCoreDiagnostics.framework */; };
		3FFE4AC109EA4AE8AF9DC6B7 /* CDVWKWebViewEngine.m in Sources */ = {isa = PBXBuildFile; fileRef = 8C4EDFC6957F431E9AD19F4E /* CDVWKWebViewEngine.m */; };
		40BA44FE5A78485E9BCD4B6E /* CDVCamera.m in Sources */ = {isa = PBXBuildFile; fileRef = 68CD62CF1D944FD5A77094F6 /* CDVCamera.m */; };
		42625627FE404D8096A3FA40 /* IONAssetHandler.m in Sources */ = {isa = PBXBuildFile; fileRef = A01BBC2596F044C7BA15B49B /* IONAssetHandler.m */; };
		4600996C990049DBB978D8DE /* CDVLocalFilesystem.m in Sources */ = {isa = PBXBuildFile; fileRef = EFC1997235CF45938A4407BE /* CDVLocalFilesystem.m */; };
		4A9AC0823B184BBA92E44495 /* FirebasePlugin.m in Sources */ = {isa = PBXBuildFile; fileRef = F47ACC478B764DD696C3B8DA /* FirebasePlugin.m */; };
		4ABE9C6DE4F4467795C7DAB5 /* SystemConfiguration.framework in Frameworks */ = {isa = PBXBuildFile; fileRef = 0D2D9DA2FB0B49BBA87BD46A /* SystemConfiguration.framework */; settings = {ATTRIBUTES = (Weak, ); }; };
		4B3A345520A24C4288C33FA4 /* CDVWKWebViewUIDelegate.m in Sources */ = {isa = PBXBuildFile; fileRef = 3809F4632B614CDAAD76B5D4 /* CDVWKWebViewUIDelegate.m */; };
		557B05FD61E8485783BDF256 /* GoogleToolboxForMac.framework in Frameworks */ = {isa = PBXBuildFile; fileRef = D757EAB8F9364ABC953F1096 /* GoogleToolboxForMac.framework */; };
		56748227A6734AD48F292588 /* CDVIonicKeyboard.m in Sources */ = {isa = PBXBuildFile; fileRef = EC4A6B101EF34032BE2299D6 /* CDVIonicKeyboard.m */; };
		5D66140F3C664D89ADD7D3FB /* FirebaseABTesting.framework in Frameworks */ = {isa = PBXBuildFile; fileRef = 769E210BDD274EFCB05F02CB /* FirebaseABTesting.framework */; };
		61B6EACF16DF4A39BF5E4970 /* CDVReachability.m in Sources */ = {isa = PBXBuildFile; fileRef = 6E0A6942AF3D4BF0BD88F4F6 /* CDVReachability.m */; };
		621ACB2F9D334299915C783E /* AudioToolbox.framework in Frameworks */ = {isa = PBXBuildFile; fileRef = 7D442E4769B24EEEB71B0683 /* AudioToolbox.framework */; };
		651A92B534AB49C2B2AE58F0 /* FirebaseCore.framework in Frameworks */ = {isa = PBXBuildFile; fileRef = A812565E4CFC43598CEB850A /* FirebaseCore.framework */; };
		6AFF5BF91D6E424B00AB3073 /* CDVLaunchScreen.storyboard in Resources */ = {isa = PBXBuildFile; fileRef = 6AFF5BF81D6E424B00AB3073 /* CDVLaunchScreen.storyboard */; };
		7CB6369A3D094BBA94C4DF89 /* CDVStatusBar.m in Sources */ = {isa = PBXBuildFile; fileRef = C573373254DB4113882BEC3F /* CDVStatusBar.m */; };
		80867C58794B4FD2AB1E1F1C /* StreamingMedia.m in Sources */ = {isa = PBXBuildFile; fileRef = ADAB6E52B54449FE9636E9C6 /* StreamingMedia.m */; };
		900579479F9940BBA82A9D26 /* CDVSound.m in Sources */ = {isa = PBXBuildFile; fileRef = BF038B361FF0418CACEF1C0B /* CDVSound.m */; };
		9519F84474C34833A00FA884 /* FirebaseAuth.framework in Frameworks */ = {isa = PBXBuildFile; fileRef = 853DD400A6784D50948E90C9 /* FirebaseAuth.framework */; };
		9A4DC96425EF6E500082D428 /* GoogleService-Info.plist in Resources */ = {isa = PBXBuildFile; fileRef = 9ABFAF3325EA8B5000A4CDCB /* GoogleService-Info.plist */; };
		9A4F9D6072344E5D8FB3C2DA /* Foundation.framework in Frameworks */ = {isa = PBXBuildFile; fileRef = 4EF12B73C07843E191261F18 /* Foundation.framework */; };
		A2A56FB07BAD4D0D9CC8EF65 /* FirebaseRemoteConfig.framework in Frameworks */ = {isa = PBXBuildFile; fileRef = CDFE42100E8744ED916533C0 /* FirebaseRemoteConfig.framework */; };
		A32A0A25249845FE8086FB01 /* CDVWKProcessPoolFactory.m in Sources */ = {isa = PBXBuildFile; fileRef = 7B5F67469CC345F6B45AF306 /* CDVWKProcessPoolFactory.m */; };
		AA27C347B9FA41928AE5C7DC /* CDVDevice.m in Sources */ = {isa = PBXBuildFile; fileRef = 189AC996421848B0BF5EEB8F /* CDVDevice.m */; };
		B09CD52B555041CB8CCC5DA4 /* Crashlytics.framework in Frameworks */ = {isa = PBXBuildFile; fileRef = 81E836B30A734C78A1C7E612 /* Crashlytics.framework */; };
		C5DB2970567E43BDB42AC4A2 /* FirebaseAnalytics.framework in Frameworks */ = {isa = PBXBuildFile; fileRef = C75B52ABF1C848F597D2E4FD /* FirebaseAnalytics.framework */; };
		C67AEECDADE34A8B8740063B /* UIImage+CropScaleOrientation.m in Sources */ = {isa = PBXBuildFile; fileRef = BC9501F443C84A6681F3EE7A /* UIImage+CropScaleOrientation.m */; };
		C698064E6D194FD7BFD16FA6 /* nanopb.framework in Frameworks */ = {isa = PBXBuildFile; fileRef = 493018AE81C34B1DBA4AF5FC /* nanopb.framework */; };
		CFFACC89F35945369BA26189 /* GoogleUtilities.framework in Frameworks */ = {isa = PBXBuildFile; fileRef = B31817E8C5BB4BAABA394DEE /* GoogleUtilities.framework */; };
		D2DA805EC8E54143B0C267E8 /* CDVAssetLibraryFilesystem.m in Sources */ = {isa = PBXBuildFile; fileRef = D0C436030DCF4656A173F792 /* CDVAssetLibraryFilesystem.m */; };
		D6605A76A20E479BB1E92D4D /* PortraitVideo.m in Sources */ = {isa = PBXBuildFile; fileRef = 2D351D198BD748B5963C2F84 /* PortraitVideo.m */; };
		DC7A24B3DDEB424D99505977 /* CDVFile.m in Sources */ = {isa = PBXBuildFile; fileRef = B35FD66D88B24DD788D3AD07 /* CDVFile.m */; };
		DF694A6AE3B6479793C6719A /* AppDelegate+FirebasePlugin.m in Sources */ = {isa = PBXBuildFile; fileRef = BC405CB0E92F46D39F63EADA /* AppDelegate+FirebasePlugin.m */; };
		E39C056146F2479A8499200E /* ImageIO.framework in Frameworks */ = {isa = PBXBuildFile; fileRef = A19F0E4C0BC44A97B2176B8D /* ImageIO.framework */; settings = {ATTRIBUTES = (Weak, ); }; };
		E9F88DAB0E44498BA955A7D0 /* LandscapeVideo.m in Sources */ = {isa = PBXBuildFile; fileRef = 08CA56560A04483DBC9E18B7 /* LandscapeVideo.m */; };
		EB88B72934FA4BA1A2B7D6C3 /* WebKit.framework in Frameworks */ = {isa = PBXBuildFile; fileRef = DAE9B2C5566C4B92B5D07FD7 /* WebKit.framework */; settings = {ATTRIBUTES = (Weak, ); }; };
		ECD9817F065D4B859857B050 /* GoogleAppMeasurement.framework in Frameworks */ = {isa = PBXBuildFile; fileRef = 4B9E25AC8FFC4F9394F2F2B6 /* GoogleAppMeasurement.framework */; };
		EDC1B02C90844C0A80046D46 /* AVFoundation.framework in Frameworks */ = {isa = PBXBuildFile; fileRef = 06B27F563C3E415287B74E32 /* AVFoundation.framework */; };
		F3DC21354F2F45DA81832796 /* GTMSessionFetcher.framework in Frameworks */ = {isa = PBXBuildFile; fileRef = 94E028BE3FC64A78AA8783A5 /* GTMSessionFetcher.framework */; };
		F7789DDAB5A443A28BD73A70 /* MediaPlayer.framework in Frameworks */ = {isa = PBXBuildFile; fileRef = DE528C29A80C445B8F8D6846 /* MediaPlayer.framework */; };
/* End PBXBuildFile section */

/* Begin PBXContainerItemProxy section */
		301BF534109A57CC0062928A /* PBXContainerItemProxy */ = {
			isa = PBXContainerItemProxy;
			containerPortal = 301BF52D109A57CC0062928A /* CordovaLib.xcodeproj */;
			proxyType = 2;
			remoteGlobalIDString = D2AAC07E0554694100DB518D;
			remoteInfo = CordovaLib;
		};
		301BF550109A68C00062928A /* PBXContainerItemProxy */ = {
			isa = PBXContainerItemProxy;
			containerPortal = 301BF52D109A57CC0062928A /* CordovaLib.xcodeproj */;
			proxyType = 1;
			remoteGlobalIDString = D2AAC07D0554694100DB518D;
			remoteInfo = CordovaLib;
		};
		907D8123214C687600058A10 /* PBXContainerItemProxy */ = {
			isa = PBXContainerItemProxy;
			containerPortal = 301BF52D109A57CC0062928A /* CordovaLib.xcodeproj */;
			proxyType = 2;
			remoteGlobalIDString = C0C01EB21E3911D50056E6CB;
			remoteInfo = Cordova;
		};
/* End PBXContainerItemProxy section */

/* Begin PBXFileReference section */
		0207DA571B56EA530066E2B4 /* Images.xcassets */ = {isa = PBXFileReference; lastKnownFileType = folder.assetcatalog; name = Images.xcassets; path = MyApp/Images.xcassets; sourceTree = SOURCE_ROOT; };
		037B755F05DE42018FB65281 /* FirebaseCoreDiagnostics.framework */ = {isa = PBXFileReference; explicitFileType = undefined; fileEncoding = 9; includeInIndex = 0; lastKnownFileType = wrapper.framework; name = FirebaseCoreDiagnostics.framework; path = "MyApp/Plugins/cordova-plugin-firebase/FirebaseCoreDiagnostics.framework"; sourceTree = "<group>"; };
		06B27F563C3E415287B74E32 /* AVFoundation.framework */ = {isa = PBXFileReference; explicitFileType = undefined; fileEncoding = 9; includeInIndex = 0; lastKnownFileType = wrapper.framework; name = AVFoundation.framework; path = System/Library/Frameworks/AVFoundation.framework; sourceTree = SDKROOT; };
		08CA56560A04483DBC9E18B7 /* LandscapeVideo.m */ = {isa = PBXFileReference; explicitFileType = undefined; fileEncoding = 4; includeInIndex = 0; lastKnownFileType = sourcecode.c.objc; name = LandscapeVideo.m; path = "cordova-plugin-streaming-media/LandscapeVideo.m"; sourceTree = "<group>"; };
		09D924F24DB140C2B233C101 /* CDVWKWebViewUIDelegate.h */ = {isa = PBXFileReference; explicitFileType = undefined; fileEncoding = 4; includeInIndex = 0; lastKnownFileType = sourcecode.c.h; name = CDVWKWebViewUIDelegate.h; path = "cordova-plugin-ionic-webview/CDVWKWebViewUIDelegate.h"; sourceTree = "<group>"; };
		0D2D9DA2FB0B49BBA87BD46A /* SystemConfiguration.framework */ = {isa = PBXFileReference; explicitFileType = undefined; fileEncoding = 9; includeInIndex = 0; lastKnownFileType = wrapper.framework; name = SystemConfiguration.framework; path = System/Library/Frameworks/SystemConfiguration.framework; sourceTree = SDKROOT; };
		0D69889FEA4F40CFA9C335A9 /* NativeAudio.h */ = {isa = PBXFileReference; explicitFileType = undefined; fileEncoding = 4; includeInIndex = 0; lastKnownFileType = sourcecode.c.h; name = NativeAudio.h; path = "cordova-plugin-nativeaudio/NativeAudio.h"; sourceTree = "<group>"; };
		0E6AAE50A9E64A4094B71CD8 /* CDVAssetLibraryFilesystem.h */ = {isa = PBXFileReference; explicitFileType = undefined; fileEncoding = 4; includeInIndex = 0; lastKnownFileType = sourcecode.c.h; name = CDVAssetLibraryFilesystem.h; path = "cordova-plugin-file/CDVAssetLibraryFilesystem.h"; sourceTree = "<group>"; };
		0ED5E32CB9CB4FA3B730AE79 /* CFCallNumber.h */ = {isa = PBXFileReference; explicitFileType = undefined; fileEncoding = 4; includeInIndex = 0; lastKnownFileType = sourcecode.c.h; name = CFCallNumber.h; path = mx.ferreyra.callnumber/CFCallNumber.h; sourceTree = "<group>"; };
		10155237B2D143F3812394A8 /* LandscapeVideo.h */ = {isa = PBXFileReference; explicitFileType = undefined; fileEncoding = 4; includeInIndex = 0; lastKnownFileType = sourcecode.c.h; name = LandscapeVideo.h; path = "cordova-plugin-streaming-media/LandscapeVideo.h"; sourceTree = "<group>"; };
		13FDAA8D24A84E6890E95E9B /* IONAssetHandler.h */ = {isa = PBXFileReference; explicitFileType = undefined; fileEncoding = 4; includeInIndex = 0; lastKnownFileType = sourcecode.c.h; name = IONAssetHandler.h; path = "cordova-plugin-ionic-webview/IONAssetHandler.h"; sourceTree = "<group>"; };
		1515213864A0461DA2AD4691 /* Fabric.framework */ = {isa = PBXFileReference; explicitFileType = undefined; fileEncoding = 9; includeInIndex = 0; lastKnownFileType = wrapper.framework; name = Fabric.framework; path = "MyApp/Plugins/cordova-plugin-firebase/Fabric.framework"; sourceTree = "<group>"; };
		16CCA9EA28084E8A8A13059C /* CDVLocalFilesystem.h */ = {isa = PBXFileReference; explicitFileType = undefined; fileEncoding = 4; includeInIndex = 0; lastKnownFileType = sourcecode.c.h; name = CDVLocalFilesystem.h; path = "cordova-plugin-file/CDVLocalFilesystem.h"; sourceTree = "<group>"; };
		189AC996421848B0BF5EEB8F /* CDVDevice.m */ = {isa = PBXFileReference; explicitFileType = undefined; fileEncoding = 4; includeInIndex = 0; lastKnownFileType = sourcecode.c.objc; name = CDVDevice.m; path = "cordova-plugin-device/CDVDevice.m"; sourceTree = "<group>"; };
		1C6FFE10CCAB49D7AA6F60C2 /* CDVWKProcessPoolFactory.h */ = {isa = PBXFileReference; explicitFileType = undefined; fileEncoding = 4; includeInIndex = 0; lastKnownFileType = sourcecode.c.h; name = CDVWKProcessPoolFactory.h; path = "cordova-plugin-ionic-webview/CDVWKProcessPoolFactory.h"; sourceTree = "<group>"; };
		1D3623240D0F684500981E51 /* AppDelegate.h */ = {isa = PBXFileReference; fileEncoding = 4; lastKnownFileType = sourcecode.c.h; path = AppDelegate.h; sourceTree = "<group>"; };
		1D3623250D0F684500981E51 /* AppDelegate.m */ = {isa = PBXFileReference; fileEncoding = 4; lastKnownFileType = sourcecode.c.objc; path = AppDelegate.m; sourceTree = "<group>"; };
		1D6058910D05DD3D006BFB54 /* MyApp.app */ = {isa = PBXFileReference; explicitFileType = wrapper.application; includeInIndex = 0; path = MyApp.app; sourceTree = BUILT_PRODUCTS_DIR; };
		215D98B057154704B4F8A40B /* CDVFile.h */ = {isa = PBXFileReference; explicitFileType = undefined; fileEncoding = 4; includeInIndex = 0; lastKnownFileType = sourcecode.c.h; name = CDVFile.h; path = "cordova-plugin-file/CDVFile.h"; sourceTree = "<group>"; };
		25F35EDF513C4927BEA5923A /* CDVViewController+SplashScreen.h */ = {isa = PBXFileReference; explicitFileType = undefined; fileEncoding = 4; includeInIndex = 0; lastKnownFileType = sourcecode.c.h; name = "CDVViewController+SplashScreen.h"; path = "cordova-plugin-splashscreen/CDVViewController+SplashScreen.h"; sourceTree = "<group>"; };
		29B97316FDCFA39411CA2CEA /* main.m */ = {isa = PBXFileReference; fileEncoding = 4; lastKnownFileType = sourcecode.c.objc; path = main.m; sourceTree = "<group>"; };
		2D351D198BD748B5963C2F84 /* PortraitVideo.m */ = {isa = PBXFileReference; explicitFileType = undefined; fileEncoding = 4; includeInIndex = 0; lastKnownFileType = sourcecode.c.objc; name = PortraitVideo.m; path = "cordova-plugin-streaming-media/PortraitVideo.m"; sourceTree = "<group>"; };
		2E27A58DDABF4AFF8DEADD8B /* CoreLocation.framework */ = {isa = PBXFileReference; explicitFileType = undefined; fileEncoding = 9; includeInIndex = 0; lastKnownFileType = wrapper.framework; name = CoreLocation.framework; path = System/Library/Frameworks/CoreLocation.framework; sourceTree = SDKROOT; };
		2FA075DC8B344059A7A9B1B8 /* CDVDevice.h */ = {isa = PBXFileReference; explicitFileType = undefined; fileEncoding = 4; includeInIndex = 0; lastKnownFileType = sourcecode.c.h; name = CDVDevice.h; path = "cordova-plugin-device/CDVDevice.h"; sourceTree = "<group>"; };
		301BF52D109A57CC0062928A /* CordovaLib.xcodeproj */ = {isa = PBXFileReference; lastKnownFileType = "wrapper.pb-project"; name = CordovaLib.xcodeproj; path = CordovaLib/CordovaLib.xcodeproj; sourceTree = "<group>"; };
		301BF56E109A69640062928A /* www */ = {isa = PBXFileReference; lastKnownFileType = folder; path = www; sourceTree = SOURCE_ROOT; };
		302D95EE14D2391D003F00A1 /* MainViewController.h */ = {isa = PBXFileReference; fileEncoding = 4; lastKnownFileType = sourcecode.c.h; path = MainViewController.h; sourceTree = "<group>"; };
		302D95EF14D2391D003F00A1 /* MainViewController.m */ = {isa = PBXFileReference; fileEncoding = 4; lastKnownFileType = sourcecode.c.objc; path = MainViewController.m; sourceTree = "<group>"; };
		302D95F014D2391D003F00A1 /* MainViewController.xib */ = {isa = PBXFileReference; fileEncoding = 4; lastKnownFileType = file.xib; path = MainViewController.xib; sourceTree = "<group>"; };
		3047A50F1AB8059700498E2A /* build-debug.xcconfig */ = {isa = PBXFileReference; fileEncoding = 4; lastKnownFileType = text.xcconfig; name = "build-debug.xcconfig"; path = "cordova/build-debug.xcconfig"; sourceTree = SOURCE_ROOT; };
		3047A5101AB8059700498E2A /* build-release.xcconfig */ = {isa = PBXFileReference; fileEncoding = 4; lastKnownFileType = text.xcconfig; name = "build-release.xcconfig"; path = "cordova/build-release.xcconfig"; sourceTree = SOURCE_ROOT; };
		3047A5111AB8059700498E2A /* build.xcconfig */ = {isa = PBXFileReference; fileEncoding = 4; lastKnownFileType = text.xcconfig; name = build.xcconfig; path = cordova/build.xcconfig; sourceTree = SOURCE_ROOT; };
		32CA4F630368D1EE00C91783 /* MyApp-Prefix.pch */ = {isa = PBXFileReference; fileEncoding = 4; lastKnownFileType = sourcecode.c.h; path = "MyApp-Prefix.pch"; sourceTree = "<group>"; };
		348FA953A2BA408EB00C0388 /* NativeAudio.m */ = {isa = PBXFileReference; explicitFileType = undefined; fileEncoding = 4; includeInIndex = 0; lastKnownFileType = sourcecode.c.objc; name = NativeAudio.m; path = "cordova-plugin-nativeaudio/NativeAudio.m"; sourceTree = "<group>"; };
		3809F4632B614CDAAD76B5D4 /* CDVWKWebViewUIDelegate.m */ = {isa = PBXFileReference; explicitFileType = undefined; fileEncoding = 4; includeInIndex = 0; lastKnownFileType = sourcecode.c.objc; name = CDVWKWebViewUIDelegate.m; path = "cordova-plugin-ionic-webview/CDVWKWebViewUIDelegate.m"; sourceTree = "<group>"; };
		3B1CD7FD1FE843EEA8125DC2 /* FirebasePlugin.h */ = {isa = PBXFileReference; explicitFileType = undefined; fileEncoding = 4; includeInIndex = 0; lastKnownFileType = sourcecode.c.h; name = FirebasePlugin.h; path = "cordova-plugin-firebase/FirebasePlugin.h"; sourceTree = "<group>"; };
		3F883E42197C4EDFBD7AD627 /* NativeAudioAsset.h */ = {isa = PBXFileReference; explicitFileType = undefined; fileEncoding = 4; includeInIndex = 0; lastKnownFileType = sourcecode.c.h; name = NativeAudioAsset.h; path = "cordova-plugin-nativeaudio/NativeAudioAsset.h"; sourceTree = "<group>"; };
		436411C3090B4608B1F1B88D /* StreamingMedia.h */ = {isa = PBXFileReference; explicitFileType = undefined; fileEncoding = 4; includeInIndex = 0; lastKnownFileType = sourcecode.c.h; name = StreamingMedia.h; path = "cordova-plugin-streaming-media/StreamingMedia.h"; sourceTree = "<group>"; };
		4856BFBF0B104CF691C451DD /* CDVJpegHeaderWriter.m */ = {isa = PBXFileReference; explicitFileType = undefined; fileEncoding = 4; includeInIndex = 0; lastKnownFileType = sourcecode.c.objc; name = CDVJpegHeaderWriter.m; path = "cordova-plugin-camera/CDVJpegHeaderWriter.m"; sourceTree = "<group>"; };
		493018AE81C34B1DBA4AF5FC /* nanopb.framework */ = {isa = PBXFileReference; explicitFileType = undefined; fileEncoding = 9; includeInIndex = 0; lastKnownFileType = wrapper.framework; name = nanopb.framework; path = "MyApp/Plugins/cordova-plugin-firebase/nanopb.framework"; sourceTree = "<group>"; };
		4B9E25AC8FFC4F9394F2F2B6 /* GoogleAppMeasurement.framework */ = {isa = PBXFileReference; explicitFileType = undefined; fileEncoding = 9; includeInIndex = 0; lastKnownFileType = wrapper.framework; name = GoogleAppMeasurement.framework; path = "MyApp/Plugins/cordova-plugin-firebase/GoogleAppMeasurement.framework"; sourceTree = "<group>"; };
		4EF12B73C07843E191261F18 /* Foundation.framework */ = {isa = PBXFileReference; explicitFileType = undefined; fileEncoding = 9; includeInIndex = 0; lastKnownFileType = wrapper.framework; name = Foundation.framework; path = System/Library/Frameworks/Foundation.framework; sourceTree = SDKROOT; };
		592E775A498F46CA98389D00 /* NativeAudioAsset.m */ = {isa = PBXFileReference; explicitFileType = undefined; fileEncoding = 4; includeInIndex = 0; lastKnownFileType = sourcecode.c.objc; name = NativeAudioAsset.m; path = "cordova-plugin-nativeaudio/NativeAudioAsset.m"; sourceTree = "<group>"; };
		5DEF4CE3FE674DA0AEF5403D /* Firebase.h */ = {isa = PBXFileReference; explicitFileType = undefined; fileEncoding = 4; includeInIndex = 0; lastKnownFileType = sourcecode.c.h; name = Firebase.h; path = "cordova-plugin-firebase/Firebase.h"; sourceTree = "<group>"; };
		6431032BE3334094BF39F4B2 /* CDVCamera.h */ = {isa = PBXFileReference; explicitFileType = undefined; fileEncoding = 4; includeInIndex = 0; lastKnownFileType = sourcecode.c.h; name = CDVCamera.h; path = "cordova-plugin-camera/CDVCamera.h"; sourceTree = "<group>"; };
		66866C6A0DAF46E29B9010D6 /* CoreTelephony.framework */ = {isa = PBXFileReference; explicitFileType = undefined; fileEncoding = 9; includeInIndex = 0; lastKnownFileType = wrapper.framework; name = CoreTelephony.framework; path = System/Library/Frameworks/CoreTelephony.framework; sourceTree = SDKROOT; };
		68CD62CF1D944FD5A77094F6 /* CDVCamera.m */ = {isa = PBXFileReference; explicitFileType = undefined; fileEncoding = 4; includeInIndex = 0; lastKnownFileType = sourcecode.c.objc; name = CDVCamera.m; path = "cordova-plugin-camera/CDVCamera.m"; sourceTree = "<group>"; };
		69372EA141484C428C1C91A2 /* MeasurementNanoPB.framework */ = {isa = PBXFileReference; explicitFileType = undefined; fileEncoding = 9; includeInIndex = 0; lastKnownFileType = wrapper.framework; name = MeasurementNanoPB.framework; path = "MyApp/Plugins/cordova-plugin-firebase/MeasurementNanoPB.framework"; sourceTree = "<group>"; };
		69A81898ECC441F1A5C905C4 /* FirebaseMessaging.framework */ = {isa = PBXFileReference; explicitFileType = undefined; fileEncoding = 9; includeInIndex = 0; lastKnownFileType = wrapper.framework; name = FirebaseMessaging.framework; path = "MyApp/Plugins/cordova-plugin-firebase/FirebaseMessaging.framework"; sourceTree = "<group>"; };
		6AFF5BF81D6E424B00AB3073 /* CDVLaunchScreen.storyboard */ = {isa = PBXFileReference; fileEncoding = 4; lastKnownFileType = file.storyboard; name = CDVLaunchScreen.storyboard; path = MyApp/CDVLaunchScreen.storyboard; sourceTree = SOURCE_ROOT; };
		6E0A6942AF3D4BF0BD88F4F6 /* CDVReachability.m */ = {isa = PBXFileReference; explicitFileType = undefined; fileEncoding = 4; includeInIndex = 0; lastKnownFileType = sourcecode.c.objc; name = CDVReachability.m; path = "cordova-plugin-network-information/CDVReachability.m"; sourceTree = "<group>"; };
		706A65CA25B94618B0EE78F6 /* UIImage+CropScaleOrientation.h */ = {isa = PBXFileReference; explicitFileType = undefined; fileEncoding = 4; includeInIndex = 0; lastKnownFileType = sourcecode.c.h; name = "UIImage+CropScaleOrientation.h"; path = "cordova-plugin-camera/UIImage+CropScaleOrientation.h"; sourceTree = "<group>"; };
		769E210BDD274EFCB05F02CB /* FirebaseABTesting.framework */ = {isa = PBXFileReference; explicitFileType = undefined; fileEncoding = 9; includeInIndex = 0; lastKnownFileType = wrapper.framework; name = FirebaseABTesting.framework; path = "MyApp/Plugins/cordova-plugin-firebase/FirebaseABTesting.framework"; sourceTree = "<group>"; };
		76CD7E4CDFA443239922474F /* CDVIonicKeyboard.h */ = {isa = PBXFileReference; explicitFileType = undefined; fileEncoding = 4; includeInIndex = 0; lastKnownFileType = sourcecode.c.h; name = CDVIonicKeyboard.h; path = "cordova-plugin-ionic-keyboard/CDVIonicKeyboard.h"; sourceTree = "<group>"; };
		78565A4900B74D62A67B3237 /* CDVJpegHeaderWriter.h */ = {isa = PBXFileReference; explicitFileType = undefined; fileEncoding = 4; includeInIndex = 0; lastKnownFileType = sourcecode.c.h; name = CDVJpegHeaderWriter.h; path = "cordova-plugin-camera/CDVJpegHeaderWriter.h"; sourceTree = "<group>"; };
		7B5F67469CC345F6B45AF306 /* CDVWKProcessPoolFactory.m */ = {isa = PBXFileReference; explicitFileType = undefined; fileEncoding = 4; includeInIndex = 0; lastKnownFileType = sourcecode.c.objc; name = CDVWKProcessPoolFactory.m; path = "cordova-plugin-ionic-webview/CDVWKProcessPoolFactory.m"; sourceTree = "<group>"; };
		7D442E4769B24EEEB71B0683 /* AudioToolbox.framework */ = {isa = PBXFileReference; explicitFileType = undefined; fileEncoding = 9; includeInIndex = 0; lastKnownFileType = wrapper.framework; name = AudioToolbox.framework; path = System/Library/Frameworks/AudioToolbox.framework; sourceTree = SDKROOT; };
		81D7317E1EDA489C87EE25EA /* CDVWKWebViewEngine.h */ = {isa = PBXFileReference; explicitFileType = undefined; fileEncoding = 4; includeInIndex = 0; lastKnownFileType = sourcecode.c.h; name = CDVWKWebViewEngine.h; path = "cordova-plugin-ionic-webview/CDVWKWebViewEngine.h"; sourceTree = "<group>"; };
		81E836B30A734C78A1C7E612 /* Crashlytics.framework */ = {isa = PBXFileReference; explicitFileType = undefined; fileEncoding = 9; includeInIndex = 0; lastKnownFileType = wrapper.framework; name = Crashlytics.framework; path = "MyApp/Plugins/cordova-plugin-firebase/Crashlytics.framework"; sourceTree = "<group>"; };
		832D08F637884EDF9A29F4FF /* Protobuf.framework */ = {isa = PBXFileReference; explicitFileType = undefined; fileEncoding = 9; includeInIndex = 0; lastKnownFileType = wrapper.framework; name = Protobuf.framework; path = "MyApp/Plugins/cordova-plugin-firebase/Protobuf.framework"; sourceTree = "<group>"; };
		853DD400A6784D50948E90C9 /* FirebaseAuth.framework */ = {isa = PBXFileReference; explicitFileType = undefined; fileEncoding = 9; includeInIndex = 0; lastKnownFileType = wrapper.framework; name = FirebaseAuth.framework; path = "MyApp/Plugins/cordova-plugin-firebase/FirebaseAuth.framework"; sourceTree = "<group>"; };
		8B07DD520CC1492B83C6E6CE /* CDVConnection.m */ = {isa = PBXFileReference; explicitFileType = undefined; fileEncoding = 4; includeInIndex = 0; lastKnownFileType = sourcecode.c.objc; name = CDVConnection.m; path = "cordova-plugin-network-information/CDVConnection.m"; sourceTree = "<group>"; };
		8C4EDFC6957F431E9AD19F4E /* CDVWKWebViewEngine.m */ = {isa = PBXFileReference; explicitFileType = undefined; fileEncoding = 4; includeInIndex = 0; lastKnownFileType = sourcecode.c.objc; name = CDVWKWebViewEngine.m; path = "cordova-plugin-ionic-webview/CDVWKWebViewEngine.m"; sourceTree = "<group>"; };
		8D1107310486CEB800E47090 /* MyApp-Info.plist */ = {isa = PBXFileReference; fileEncoding = 4; lastKnownFileType = text.plist.xml; name = "MyApp-Info.plist"; path = "MyApp/MyApp-Info.plist"; plistStructureDefinitionIdentifier = "com.apple.xcode.plist.structure-definition.iphone.info-plist"; sourceTree = SOURCE_ROOT; };
		90A7192BCE324C4599BD1A7A /* CDVReachability.h */ = {isa = PBXFileReference; explicitFileType = undefined; fileEncoding = 4; includeInIndex = 0; lastKnownFileType = sourcecode.c.h; name = CDVReachability.h; path = "cordova-plugin-network-information/CDVReachability.h"; sourceTree = "<group>"; };
		92A21A02B2EC467290DC82DD /* CDVStatusBar.h */ = {isa = PBXFileReference; explicitFileType = undefined; fileEncoding = 4; includeInIndex = 0; lastKnownFileType = sourcecode.c.h; name = CDVStatusBar.h; path = "cordova-plugin-statusbar/CDVStatusBar.h"; sourceTree = "<group>"; };
		94E028BE3FC64A78AA8783A5 /* GTMSessionFetcher.framework */ = {isa = PBXFileReference; explicitFileType = undefined; fileEncoding = 9; includeInIndex = 0; lastKnownFileType = wrapper.framework; name = GTMSessionFetcher.framework; path = "MyApp/Plugins/cordova-plugin-firebase/GTMSessionFetcher.framework"; sourceTree = "<group>"; };
		9ABFAF3325EA8B5000A4CDCB /* GoogleService-Info.plist */ = {isa = PBXFileReference; fileEncoding = 4; lastKnownFileType = text.plist.xml; path = "GoogleService-Info.plist"; sourceTree = "<group>"; };
		A01BBC2596F044C7BA15B49B /* IONAssetHandler.m */ = {isa = PBXFileReference; explicitFileType = undefined; fileEncoding = 4; includeInIndex = 0; lastKnownFileType = sourcecode.c.objc; name = IONAssetHandler.m; path = "cordova-plugin-ionic-webview/IONAssetHandler.m"; sourceTree = "<group>"; };
		A105AD477A9E4C41A006A7CE /* CDVConnection.h */ = {isa = PBXFileReference; explicitFileType = undefined; fileEncoding = 4; includeInIndex = 0; lastKnownFileType = sourcecode.c.h; name = CDVConnection.h; path = "cordova-plugin-network-information/CDVConnection.h"; sourceTree = "<group>"; };
		A19F0E4C0BC44A97B2176B8D /* ImageIO.framework */ = {isa = PBXFileReference; explicitFileType = undefined; fileEncoding = 9; includeInIndex = 0; lastKnownFileType = wrapper.framework; name = ImageIO.framework; path = System/Library/Frameworks/ImageIO.framework; sourceTree = SDKROOT; };
		A6F3207761344D80B8702D49 /* CDVViewController+SplashScreen.m */ = {isa = PBXFileReference; explicitFileType = undefined; fileEncoding = 4; includeInIndex = 0; lastKnownFileType = sourcecode.c.objc; name = "CDVViewController+SplashScreen.m"; path = "cordova-plugin-splashscreen/CDVViewController+SplashScreen.m"; sourceTree = "<group>"; };
		A812565E4CFC43598CEB850A /* FirebaseCore.framework */ = {isa = PBXFileReference; explicitFileType = undefined; fileEncoding = 9; includeInIndex = 0; lastKnownFileType = wrapper.framework; name = FirebaseCore.framework; path = "MyApp/Plugins/cordova-plugin-firebase/FirebaseCore.framework"; sourceTree = "<group>"; };
		ADAB6E52B54449FE9636E9C6 /* StreamingMedia.m */ = {isa = PBXFileReference; explicitFileType = undefined; fileEncoding = 4; includeInIndex = 0; lastKnownFileType = sourcecode.c.objc; name = StreamingMedia.m; path = "cordova-plugin-streaming-media/StreamingMedia.m"; sourceTree = "<group>"; };
		B31817E8C5BB4BAABA394DEE /* GoogleUtilities.framework */ = {isa = PBXFileReference; explicitFileType = undefined; fileEncoding = 9; includeInIndex = 0; lastKnownFileType = wrapper.framework; name = GoogleUtilities.framework; path = "MyApp/Plugins/cordova-plugin-firebase/GoogleUtilities.framework"; sourceTree = "<group>"; };
		B35FD66D88B24DD788D3AD07 /* CDVFile.m */ = {isa = PBXFileReference; explicitFileType = undefined; fileEncoding = 4; includeInIndex = 0; lastKnownFileType = sourcecode.c.objc; name = CDVFile.m; path = "cordova-plugin-file/CDVFile.m"; sourceTree = "<group>"; };
		BC405CB0E92F46D39F63EADA /* AppDelegate+FirebasePlugin.m */ = {isa = PBXFileReference; explicitFileType = undefined; fileEncoding = 4; includeInIndex = 0; lastKnownFileType = sourcecode.c.objc; name = "AppDelegate+FirebasePlugin.m"; path = "cordova-plugin-firebase/AppDelegate+FirebasePlugin.m"; sourceTree = "<group>"; };
		BC9501F443C84A6681F3EE7A /* UIImage+CropScaleOrientation.m */ = {isa = PBXFileReference; explicitFileType = undefined; fileEncoding = 4; includeInIndex = 0; lastKnownFileType = sourcecode.c.objc; name = "UIImage+CropScaleOrientation.m"; path = "cordova-plugin-camera/UIImage+CropScaleOrientation.m"; sourceTree = "<group>"; };
		BDA9566CE10A429CA8E12B36 /* PortraitVideo.h */ = {isa = PBXFileReference; explicitFileType = undefined; fileEncoding = 4; includeInIndex = 0; lastKnownFileType = sourcecode.c.h; name = PortraitVideo.h; path = "cordova-plugin-streaming-media/PortraitVideo.h"; sourceTree = "<group>"; };
		BF038B361FF0418CACEF1C0B /* CDVSound.m */ = {isa = PBXFileReference; explicitFileType = undefined; fileEncoding = 4; includeInIndex = 0; lastKnownFileType = sourcecode.c.objc; name = CDVSound.m; path = "cordova-plugin-media/CDVSound.m"; sourceTree = "<group>"; };
		C2F3BDF499E44C94999ACD3B /* FirebasePerformance.framework */ = {isa = PBXFileReference; explicitFileType = undefined; fileEncoding = 9; includeInIndex = 0; lastKnownFileType = wrapper.framework; name = FirebasePerformance.framework; path = "MyApp/Plugins/cordova-plugin-firebase/FirebasePerformance.framework"; sourceTree = "<group>"; };
		C573373254DB4113882BEC3F /* CDVStatusBar.m */ = {isa = PBXFileReference; explicitFileType = undefined; fileEncoding = 4; includeInIndex = 0; lastKnownFileType = sourcecode.c.objc; name = CDVStatusBar.m; path = "cordova-plugin-statusbar/CDVStatusBar.m"; sourceTree = "<group>"; };
		C75B52ABF1C848F597D2E4FD /* FirebaseAnalytics.framework */ = {isa = PBXFileReference; explicitFileType = undefined; fileEncoding = 9; includeInIndex = 0; lastKnownFileType = wrapper.framework; name = FirebaseAnalytics.framework; path = "MyApp/Plugins/cordova-plugin-firebase/FirebaseAnalytics.framework"; sourceTree = "<group>"; };
		C8162A3AAAF449BEBC8C8608 /* FirebaseInstanceID.framework */ = {isa = PBXFileReference; explicitFileType = undefined; fileEncoding = 9; includeInIndex = 0; lastKnownFileType = wrapper.framework; name = FirebaseInstanceID.framework; path = "MyApp/Plugins/cordova-plugin-firebase/FirebaseInstanceID.framework"; sourceTree = "<group>"; };
		CB24F60E08404F66B8FA3061 /* CDVSplashScreen.m */ = {isa = PBXFileReference; explicitFileType = undefined; fileEncoding = 4; includeInIndex = 0; lastKnownFileType = sourcecode.c.objc; name = CDVSplashScreen.m; path = "cordova-plugin-splashscreen/CDVSplashScreen.m"; sourceTree = "<group>"; };
		CDFE42100E8744ED916533C0 /* FirebaseRemoteConfig.framework */ = {isa = PBXFileReference; explicitFileType = undefined; fileEncoding = 9; includeInIndex = 0; lastKnownFileType = wrapper.framework; name = FirebaseRemoteConfig.framework; path = "MyApp/Plugins/cordova-plugin-firebase/FirebaseRemoteConfig.framework"; sourceTree = "<group>"; };
		D0C436030DCF4656A173F792 /* CDVAssetLibraryFilesystem.m */ = {isa = PBXFileReference; explicitFileType = undefined; fileEncoding = 4; includeInIndex = 0; lastKnownFileType = sourcecode.c.objc; name = CDVAssetLibraryFilesystem.m; path = "cordova-plugin-file/CDVAssetLibraryFilesystem.m"; sourceTree = "<group>"; };
		D757EAB8F9364ABC953F1096 /* GoogleToolboxForMac.framework */ = {isa = PBXFileReference; explicitFileType = undefined; fileEncoding = 9; includeInIndex = 0; lastKnownFileType = wrapper.framework; name = GoogleToolboxForMac.framework; path = "MyApp/Plugins/cordova-plugin-firebase/GoogleToolboxForMac.framework"; sourceTree = "<group>"; };
		DAE9B2C5566C4B92B5D07FD7 /* WebKit.framework */ = {isa = PBXFileReference; explicitFileType = undefined; fileEncoding = 9; includeInIndex = 0; lastKnownFileType = wrapper.framework; name = WebKit.framework; path = System/Library/Frameworks/WebKit.framework; sourceTree = SDKROOT; };
		DE528C29A80C445B8F8D6846 /* MediaPlayer.framework */ = {isa = PBXFileReference; explicitFileType = undefined; fileEncoding = 9; includeInIndex = 0; lastKnownFileType = wrapper.framework; name = MediaPlayer.framework; path = System/Library/Frameworks/MediaPlayer.framework; sourceTree = SDKROOT; };
		E308867294564EECB1C7F4E6 /* CDVExif.h */ = {isa = PBXFileReference; explicitFileType = undefined; fileEncoding = 4; includeInIndex = 0; lastKnownFileType = sourcecode.c.h; name = CDVExif.h; path = "cordova-plugin-camera/CDVExif.h"; sourceTree = "<group>"; };
		E55D312B8EF5410F9FE3C53E /* CDVSound.h */ = {isa = PBXFileReference; explicitFileType = undefined; fileEncoding = 4; includeInIndex = 0; lastKnownFileType = sourcecode.c.h; name = CDVSound.h; path = "cordova-plugin-media/CDVSound.h"; sourceTree = "<group>"; };
		EB87FDF31871DA8E0020F90C /* www */ = {isa = PBXFileReference; lastKnownFileType = folder; name = www; path = ../../www; sourceTree = "<group>"; };
		EB87FDF41871DAF40020F90C /* config.xml */ = {isa = PBXFileReference; lastKnownFileType = text.xml; name = config.xml; path = ../../config.xml; sourceTree = "<group>"; };
		EC2D27C48D90474E8F19598A /* CFCallNumber.m */ = {isa = PBXFileReference; explicitFileType = undefined; fileEncoding = 4; includeInIndex = 0; lastKnownFileType = sourcecode.c.objc; name = CFCallNumber.m; path = mx.ferreyra.callnumber/CFCallNumber.m; sourceTree = "<group>"; };
		EC4A6B101EF34032BE2299D6 /* CDVIonicKeyboard.m */ = {isa = PBXFileReference; explicitFileType = undefined; fileEncoding = 4; includeInIndex = 0; lastKnownFileType = sourcecode.c.objc; name = CDVIonicKeyboard.m; path = "cordova-plugin-ionic-keyboard/CDVIonicKeyboard.m"; sourceTree = "<group>"; };
		ED33DF2A687741AEAF9F8254 /* Bridging-Header.h */ = {isa = PBXFileReference; fileEncoding = 4; lastKnownFileType = sourcecode.c.h; path = "Bridging-Header.h"; sourceTree = "<group>"; };
		EFC1997235CF45938A4407BE /* CDVLocalFilesystem.m */ = {isa = PBXFileReference; explicitFileType = undefined; fileEncoding = 4; includeInIndex = 0; lastKnownFileType = sourcecode.c.objc; name = CDVLocalFilesystem.m; path = "cordova-plugin-file/CDVLocalFilesystem.m"; sourceTree = "<group>"; };
		F1458FC170584EE6AE1B81F1 /* AppDelegate+FirebasePlugin.h */ = {isa = PBXFileReference; explicitFileType = undefined; fileEncoding = 4; includeInIndex = 0; lastKnownFileType = sourcecode.c.h; name = "AppDelegate+FirebasePlugin.h"; path = "cordova-plugin-firebase/AppDelegate+FirebasePlugin.h"; sourceTree = "<group>"; };
		F47ACC478B764DD696C3B8DA /* FirebasePlugin.m */ = {isa = PBXFileReference; explicitFileType = undefined; fileEncoding = 4; includeInIndex = 0; lastKnownFileType = sourcecode.c.objc; name = FirebasePlugin.m; path = "cordova-plugin-firebase/FirebasePlugin.m"; sourceTree = "<group>"; };
		F6959446D74146B08DA568DF /* CDVSplashScreen.h */ = {isa = PBXFileReference; explicitFileType = undefined; fileEncoding = 4; includeInIndex = 0; lastKnownFileType = sourcecode.c.h; name = CDVSplashScreen.h; path = "cordova-plugin-splashscreen/CDVSplashScreen.h"; sourceTree = "<group>"; };
		F840E1F0165FE0F500CFE078 /* config.xml */ = {isa = PBXFileReference; lastKnownFileType = text.xml; name = config.xml; path = MyApp/config.xml; sourceTree = "<group>"; };
		FC8B91B643FD4E0D88CFC26C /* GoogleService-Info.plist */ = {isa = PBXFileReference; explicitFileType = undefined; fileEncoding = 4; includeInIndex = 0; lastKnownFileType = text.plist.xml; path = "GoogleService-Info.plist"; sourceTree = "<group>"; };
/* End PBXFileReference section */

/* Begin PBXFrameworksBuildPhase section */
		1D60588F0D05DD3D006BFB54 /* Frameworks */ = {
			isa = PBXFrameworksBuildPhase;
			buildActionMask = 2147483647;
			files = (
				301BF552109A68D80062928A /* libCordova.a in Frameworks */,
				E39C056146F2479A8499200E /* ImageIO.framework in Frameworks */,
				1C1F9C43B92743B598FB832F /* CoreLocation.framework in Frameworks */,
				EDC1B02C90844C0A80046D46 /* AVFoundation.framework in Frameworks */,
				EB88B72934FA4BA1A2B7D6C3 /* WebKit.framework in Frameworks */,
				9A4F9D6072344E5D8FB3C2DA /* Foundation.framework in Frameworks */,
				621ACB2F9D334299915C783E /* AudioToolbox.framework in Frameworks */,
				4ABE9C6DE4F4467795C7DAB5 /* SystemConfiguration.framework in Frameworks */,
				109B9C03D4B64B83A34657EC /* CoreTelephony.framework in Frameworks */,
				F7789DDAB5A443A28BD73A70 /* MediaPlayer.framework in Frameworks */,
				B09CD52B555041CB8CCC5DA4 /* Crashlytics.framework in Frameworks */,
				0AB01F07C4854B96B18227F9 /* Fabric.framework in Frameworks */,
				ECD9817F065D4B859857B050 /* GoogleAppMeasurement.framework in Frameworks */,
				36CA724381F8495A85A74F50 /* MeasurementNanoPB.framework in Frameworks */,
				651A92B534AB49C2B2AE58F0 /* FirebaseCore.framework in Frameworks */,
				C5DB2970567E43BDB42AC4A2 /* FirebaseAnalytics.framework in Frameworks */,
				CFFACC89F35945369BA26189 /* GoogleUtilities.framework in Frameworks */,
				C698064E6D194FD7BFD16FA6 /* nanopb.framework in Frameworks */,
				397AAA3C232B481A8F03C31E /* FirebaseInstanceID.framework in Frameworks */,
				3E9DDDF53AC747889FD3C2E5 /* FirebaseCoreDiagnostics.framework in Frameworks */,
				F3DC21354F2F45DA81832796 /* GTMSessionFetcher.framework in Frameworks */,
				9519F84474C34833A00FA884 /* FirebaseAuth.framework in Frameworks */,
				35CBD59D9A654F4D8C0AC03A /* FirebaseMessaging.framework in Frameworks */,
				557B05FD61E8485783BDF256 /* GoogleToolboxForMac.framework in Frameworks */,
				3B643AB40AC54817838C3686 /* FirebasePerformance.framework in Frameworks */,
				33FAE63830284024B56395D4 /* Protobuf.framework in Frameworks */,
				A2A56FB07BAD4D0D9CC8EF65 /* FirebaseRemoteConfig.framework in Frameworks */,
				5D66140F3C664D89ADD7D3FB /* FirebaseABTesting.framework in Frameworks */,
			);
			runOnlyForDeploymentPostprocessing = 0;
		};
/* End PBXFrameworksBuildPhase section */

/* Begin PBXGroup section */
		080E96DDFE201D6D7F000001 /* Classes */ = {
			isa = PBXGroup;
			children = (
				302D95EE14D2391D003F00A1 /* MainViewController.h */,
				302D95EF14D2391D003F00A1 /* MainViewController.m */,
				302D95F014D2391D003F00A1 /* MainViewController.xib */,
				1D3623240D0F684500981E51 /* AppDelegate.h */,
				1D3623250D0F684500981E51 /* AppDelegate.m */,
			);
			name = Classes;
			path = MyApp/Classes;
			sourceTree = SOURCE_ROOT;
		};
		19C28FACFE9D520D11CA2CBB /* Products */ = {
			isa = PBXGroup;
			children = (
				1D6058910D05DD3D006BFB54 /* MyApp.app */,
			);
			name = Products;
			sourceTree = "<group>";
		};
		29B97314FDCFA39411CA2CEA /* CustomTemplate */ = {
			isa = PBXGroup;
			children = (
				9ABFAF3325EA8B5000A4CDCB /* GoogleService-Info.plist */,
				EB87FDF41871DAF40020F90C /* config.xml */,
				EB87FDF31871DA8E0020F90C /* www */,
				EB87FDF11871DA420020F90C /* Staging */,
				301BF52D109A57CC0062928A /* CordovaLib.xcodeproj */,
				080E96DDFE201D6D7F000001 /* Classes */,
				307C750510C5A3420062BCA9 /* Plugins */,
				29B97315FDCFA39411CA2CEA /* Other Sources */,
				29B97317FDCFA39411CA2CEA /* Resources */,
				29B97323FDCFA39411CA2CEA /* Frameworks */,
				19C28FACFE9D520D11CA2CBB /* Products */,
			);
			name = CustomTemplate;
			sourceTree = "<group>";
		};
		29B97315FDCFA39411CA2CEA /* Other Sources */ = {
			isa = PBXGroup;
			children = (
				32CA4F630368D1EE00C91783 /* MyApp-Prefix.pch */,
				29B97316FDCFA39411CA2CEA /* main.m */,
				ED33DF2A687741AEAF9F8254 /* Bridging-Header.h */,
			);
			name = "Other Sources";
			path = MyApp;
			sourceTree = "<group>";
		};
		29B97317FDCFA39411CA2CEA /* Resources */ = {
			isa = PBXGroup;
			children = (
				0207DA571B56EA530066E2B4 /* Images.xcassets */,
				3047A50E1AB8057F00498E2A /* config */,
				8D1107310486CEB800E47090 /* MyApp-Info.plist */,
				6AFF5BF81D6E424B00AB3073 /* CDVLaunchScreen.storyboard */,
				FC8B91B643FD4E0D88CFC26C /* GoogleService-Info.plist */,
			);
			name = Resources;
			path = MyApp/Resources;
			sourceTree = "<group>";
		};
		29B97323FDCFA39411CA2CEA /* Frameworks */ = {
			isa = PBXGroup;
			children = (
				A19F0E4C0BC44A97B2176B8D /* ImageIO.framework */,
				2E27A58DDABF4AFF8DEADD8B /* CoreLocation.framework */,
				06B27F563C3E415287B74E32 /* AVFoundation.framework */,
				DAE9B2C5566C4B92B5D07FD7 /* WebKit.framework */,
				4EF12B73C07843E191261F18 /* Foundation.framework */,
				7D442E4769B24EEEB71B0683 /* AudioToolbox.framework */,
				0D2D9DA2FB0B49BBA87BD46A /* SystemConfiguration.framework */,
				66866C6A0DAF46E29B9010D6 /* CoreTelephony.framework */,
				DE528C29A80C445B8F8D6846 /* MediaPlayer.framework */,
				81E836B30A734C78A1C7E612 /* Crashlytics.framework */,
				1515213864A0461DA2AD4691 /* Fabric.framework */,
				4B9E25AC8FFC4F9394F2F2B6 /* GoogleAppMeasurement.framework */,
				69372EA141484C428C1C91A2 /* MeasurementNanoPB.framework */,
				A812565E4CFC43598CEB850A /* FirebaseCore.framework */,
				C75B52ABF1C848F597D2E4FD /* FirebaseAnalytics.framework */,
				B31817E8C5BB4BAABA394DEE /* GoogleUtilities.framework */,
				493018AE81C34B1DBA4AF5FC /* nanopb.framework */,
				C8162A3AAAF449BEBC8C8608 /* FirebaseInstanceID.framework */,
				037B755F05DE42018FB65281 /* FirebaseCoreDiagnostics.framework */,
				94E028BE3FC64A78AA8783A5 /* GTMSessionFetcher.framework */,
				853DD400A6784D50948E90C9 /* FirebaseAuth.framework */,
				69A81898ECC441F1A5C905C4 /* FirebaseMessaging.framework */,
				D757EAB8F9364ABC953F1096 /* GoogleToolboxForMac.framework */,
				C2F3BDF499E44C94999ACD3B /* FirebasePerformance.framework */,
				832D08F637884EDF9A29F4FF /* Protobuf.framework */,
				CDFE42100E8744ED916533C0 /* FirebaseRemoteConfig.framework */,
				769E210BDD274EFCB05F02CB /* FirebaseABTesting.framework */,
			);
			name = Frameworks;
			sourceTree = "<group>";
		};
		301BF52E109A57CC0062928A /* Products */ = {
			isa = PBXGroup;
			children = (
				301BF535109A57CC0062928A /* libCordova.a */,
				907D8124214C687600058A10 /* Cordova.framework */,
			);
			name = Products;
			sourceTree = "<group>";
		};
		3047A50E1AB8057F00498E2A /* config */ = {
			isa = PBXGroup;
			children = (
				3047A50F1AB8059700498E2A /* build-debug.xcconfig */,
				3047A5101AB8059700498E2A /* build-release.xcconfig */,
				3047A5111AB8059700498E2A /* build.xcconfig */,
			);
			name = config;
			sourceTree = "<group>";
		};
		307C750510C5A3420062BCA9 /* Plugins */ = {
			isa = PBXGroup;
			children = (
				BC9501F443C84A6681F3EE7A /* UIImage+CropScaleOrientation.m */,
				68CD62CF1D944FD5A77094F6 /* CDVCamera.m */,
				4856BFBF0B104CF691C451DD /* CDVJpegHeaderWriter.m */,
				706A65CA25B94618B0EE78F6 /* UIImage+CropScaleOrientation.h */,
				6431032BE3334094BF39F4B2 /* CDVCamera.h */,
				78565A4900B74D62A67B3237 /* CDVJpegHeaderWriter.h */,
				E308867294564EECB1C7F4E6 /* CDVExif.h */,
				189AC996421848B0BF5EEB8F /* CDVDevice.m */,
				2FA075DC8B344059A7A9B1B8 /* CDVDevice.h */,
				B35FD66D88B24DD788D3AD07 /* CDVFile.m */,
				EFC1997235CF45938A4407BE /* CDVLocalFilesystem.m */,
				D0C436030DCF4656A173F792 /* CDVAssetLibraryFilesystem.m */,
				215D98B057154704B4F8A40B /* CDVFile.h */,
				16CCA9EA28084E8A8A13059C /* CDVLocalFilesystem.h */,
				0E6AAE50A9E64A4094B71CD8 /* CDVAssetLibraryFilesystem.h */,
				EC4A6B101EF34032BE2299D6 /* CDVIonicKeyboard.m */,
				76CD7E4CDFA443239922474F /* CDVIonicKeyboard.h */,
				8C4EDFC6957F431E9AD19F4E /* CDVWKWebViewEngine.m */,
				3809F4632B614CDAAD76B5D4 /* CDVWKWebViewUIDelegate.m */,
				7B5F67469CC345F6B45AF306 /* CDVWKProcessPoolFactory.m */,
				A01BBC2596F044C7BA15B49B /* IONAssetHandler.m */,
				81D7317E1EDA489C87EE25EA /* CDVWKWebViewEngine.h */,
				09D924F24DB140C2B233C101 /* CDVWKWebViewUIDelegate.h */,
				1C6FFE10CCAB49D7AA6F60C2 /* CDVWKProcessPoolFactory.h */,
				13FDAA8D24A84E6890E95E9B /* IONAssetHandler.h */,
				BF038B361FF0418CACEF1C0B /* CDVSound.m */,
				E55D312B8EF5410F9FE3C53E /* CDVSound.h */,
				348FA953A2BA408EB00C0388 /* NativeAudio.m */,
				592E775A498F46CA98389D00 /* NativeAudioAsset.m */,
				0D69889FEA4F40CFA9C335A9 /* NativeAudio.h */,
				3F883E42197C4EDFBD7AD627 /* NativeAudioAsset.h */,
				8B07DD520CC1492B83C6E6CE /* CDVConnection.m */,
				6E0A6942AF3D4BF0BD88F4F6 /* CDVReachability.m */,
				A105AD477A9E4C41A006A7CE /* CDVConnection.h */,
				90A7192BCE324C4599BD1A7A /* CDVReachability.h */,
				CB24F60E08404F66B8FA3061 /* CDVSplashScreen.m */,
				A6F3207761344D80B8702D49 /* CDVViewController+SplashScreen.m */,
				F6959446D74146B08DA568DF /* CDVSplashScreen.h */,
				25F35EDF513C4927BEA5923A /* CDVViewController+SplashScreen.h */,
				C573373254DB4113882BEC3F /* CDVStatusBar.m */,
				92A21A02B2EC467290DC82DD /* CDVStatusBar.h */,
				ADAB6E52B54449FE9636E9C6 /* StreamingMedia.m */,
				08CA56560A04483DBC9E18B7 /* LandscapeVideo.m */,
				2D351D198BD748B5963C2F84 /* PortraitVideo.m */,
				436411C3090B4608B1F1B88D /* StreamingMedia.h */,
				10155237B2D143F3812394A8 /* LandscapeVideo.h */,
				BDA9566CE10A429CA8E12B36 /* PortraitVideo.h */,
				EC2D27C48D90474E8F19598A /* CFCallNumber.m */,
				0ED5E32CB9CB4FA3B730AE79 /* CFCallNumber.h */,
				BC405CB0E92F46D39F63EADA /* AppDelegate+FirebasePlugin.m */,
				F47ACC478B764DD696C3B8DA /* FirebasePlugin.m */,
				F1458FC170584EE6AE1B81F1 /* AppDelegate+FirebasePlugin.h */,
				3B1CD7FD1FE843EEA8125DC2 /* FirebasePlugin.h */,
				5DEF4CE3FE674DA0AEF5403D /* Firebase.h */,
			);
			name = Plugins;
			path = MyApp/Plugins;
			sourceTree = SOURCE_ROOT;
		};
		EB87FDF11871DA420020F90C /* Staging */ = {
			isa = PBXGroup;
			children = (
				F840E1F0165FE0F500CFE078 /* config.xml */,
				301BF56E109A69640062928A /* www */,
			);
			name = Staging;
			sourceTree = "<group>";
		};
/* End PBXGroup section */

/* Begin PBXNativeTarget section */
		1D6058900D05DD3D006BFB54 /* MyApp */ = {
			isa = PBXNativeTarget;
			buildConfigurationList = 1D6058960D05DD3E006BFB54 /* Build configuration list for PBXNativeTarget "MyApp" */;
			buildPhases = (
				304B58A110DAC018002A0835 /* Copy www directory */,
				1D60588D0D05DD3D006BFB54 /* Resources */,
				1D60588E0D05DD3D006BFB54 /* Sources */,
				1D60588F0D05DD3D006BFB54 /* Frameworks */,
			);
			buildRules = (
			);
			dependencies = (
				301BF551109A68C00062928A /* PBXTargetDependency */,
			);
			name = MyApp;
			productName = MyApp;
			productReference = 1D6058910D05DD3D006BFB54 /* MyApp.app */;
			productType = "com.apple.product-type.application";
		};
/* End PBXNativeTarget section */

/* Begin PBXProject section */
		29B97313FDCFA39411CA2CEA /* Project object */ = {
			isa = PBXProject;
			attributes = {
				LastUpgradeCheck = 1130;
			};
			buildConfigurationList = C01FCF4E08A954540054247B /* Build configuration list for PBXProject "MyApp" */;
			compatibilityVersion = "Xcode 11.0";
			developmentRegion = en;
			hasScannedForEncodings = 1;
			knownRegions = (
				en,
				Base,
			);
			mainGroup = 29B97314FDCFA39411CA2CEA /* CustomTemplate */;
			productRefGroup = 19C28FACFE9D520D11CA2CBB /* Products */;
			projectDirPath = "";
			projectReferences = (
				{
					ProductGroup = 301BF52E109A57CC0062928A /* Products */;
					ProjectRef = 301BF52D109A57CC0062928A /* CordovaLib.xcodeproj */;
				},
			);
			projectRoot = "";
			targets = (
				1D6058900D05DD3D006BFB54 /* MyApp */,
			);
		};
/* End PBXProject section */

/* Begin PBXReferenceProxy section */
		301BF535109A57CC0062928A /* libCordova.a */ = {
			isa = PBXReferenceProxy;
			fileType = archive.ar;
			path = libCordova.a;
			remoteRef = 301BF534109A57CC0062928A /* PBXContainerItemProxy */;
			sourceTree = BUILT_PRODUCTS_DIR;
		};
		907D8124214C687600058A10 /* Cordova.framework */ = {
			isa = PBXReferenceProxy;
			fileType = wrapper.framework;
			path = Cordova.framework;
			remoteRef = 907D8123214C687600058A10 /* PBXContainerItemProxy */;
			sourceTree = BUILT_PRODUCTS_DIR;
		};
/* End PBXReferenceProxy section */

/* Begin PBXResourcesBuildPhase section */
		1D60588D0D05DD3D006BFB54 /* Resources */ = {
			isa = PBXResourcesBuildPhase;
			buildActionMask = 2147483647;
			files = (
				9A4DC96425EF6E500082D428 /* GoogleService-Info.plist in Resources */,
				302D95F214D2391D003F00A1 /* MainViewController.xib in Resources */,
				0207DA581B56EA530066E2B4 /* Images.xcassets in Resources */,
				6AFF5BF91D6E424B00AB3073 /* CDVLaunchScreen.storyboard in Resources */,
			);
			runOnlyForDeploymentPostprocessing = 0;
		};
/* End PBXResourcesBuildPhase section */

/* Begin PBXShellScriptBuildPhase section */
		304B58A110DAC018002A0835 /* Copy www directory */ = {
			isa = PBXShellScriptBuildPhase;
			buildActionMask = 2147483647;
			files = (
			);
			inputPaths = (
			);
			name = "Copy www directory";
			outputPaths = (
			);
			runOnlyForDeploymentPostprocessing = 0;
			shellPath = /bin/sh;
			shellScript = "\"$SRCROOT/MyApp/Scripts/copy-www-build-step.sh\"";
			showEnvVarsInLog = 0;
		};
/* End PBXShellScriptBuildPhase section */

/* Begin PBXSourcesBuildPhase section */
		1D60588E0D05DD3D006BFB54 /* Sources */ = {
			isa = PBXSourcesBuildPhase;
			buildActionMask = 2147483647;
			files = (
				1D60589B0D05DD56006BFB54 /* main.m in Sources */,
				1D3623260D0F684500981E51 /* AppDelegate.m in Sources */,
				302D95F114D2391D003F00A1 /* MainViewController.m in Sources */,
				C67AEECDADE34A8B8740063B /* UIImage+CropScaleOrientation.m in Sources */,
				40BA44FE5A78485E9BCD4B6E /* CDVCamera.m in Sources */,
				0C42CA6329B54711BFC13D4F /* CDVJpegHeaderWriter.m in Sources */,
				AA27C347B9FA41928AE5C7DC /* CDVDevice.m in Sources */,
				DC7A24B3DDEB424D99505977 /* CDVFile.m in Sources */,
				4600996C990049DBB978D8DE /* CDVLocalFilesystem.m in Sources */,
				D2DA805EC8E54143B0C267E8 /* CDVAssetLibraryFilesystem.m in Sources */,
				56748227A6734AD48F292588 /* CDVIonicKeyboard.m in Sources */,
				3FFE4AC109EA4AE8AF9DC6B7 /* CDVWKWebViewEngine.m in Sources */,
				4B3A345520A24C4288C33FA4 /* CDVWKWebViewUIDelegate.m in Sources */,
				A32A0A25249845FE8086FB01 /* CDVWKProcessPoolFactory.m in Sources */,
				42625627FE404D8096A3FA40 /* IONAssetHandler.m in Sources */,
				900579479F9940BBA82A9D26 /* CDVSound.m in Sources */,
				0A9A3F9AB6BE4DA3B637B1CF /* NativeAudio.m in Sources */,
				2D943ACBD4DC4FFF9969D497 /* NativeAudioAsset.m in Sources */,
				23928348FC9341B5B9F1CDA6 /* CDVConnection.m in Sources */,
				61B6EACF16DF4A39BF5E4970 /* CDVReachability.m in Sources */,
				303345D958F14148B3DC76BF /* CDVSplashScreen.m in Sources */,
				0AAC713C893E42AF9D84F343 /* CDVViewController+SplashScreen.m in Sources */,
				7CB6369A3D094BBA94C4DF89 /* CDVStatusBar.m in Sources */,
				80867C58794B4FD2AB1E1F1C /* StreamingMedia.m in Sources */,
				E9F88DAB0E44498BA955A7D0 /* LandscapeVideo.m in Sources */,
				D6605A76A20E479BB1E92D4D /* PortraitVideo.m in Sources */,
				1D2BE9982FB04668ABBAD280 /* CFCallNumber.m in Sources */,
				DF694A6AE3B6479793C6719A /* AppDelegate+FirebasePlugin.m in Sources */,
				4A9AC0823B184BBA92E44495 /* FirebasePlugin.m in Sources */,
			);
			runOnlyForDeploymentPostprocessing = 0;
		};
/* End PBXSourcesBuildPhase section */

/* Begin PBXTargetDependency section */
		301BF551109A68C00062928A /* PBXTargetDependency */ = {
			isa = PBXTargetDependency;
			name = CordovaLib;
			targetProxy = 301BF550109A68C00062928A /* PBXContainerItemProxy */;
		};
/* End PBXTargetDependency section */

/* Begin XCBuildConfiguration section */
		1D6058940D05DD3E006BFB54 /* Debug */ = {
			isa = XCBuildConfiguration;
			baseConfigurationReference = 3047A50F1AB8059700498E2A /* build-debug.xcconfig */;
			buildSettings = {
				ALWAYS_SEARCH_USER_PATHS = NO;
				ASSETCATALOG_COMPILER_APPICON_NAME = AppIcon;
				CLANG_ENABLE_MODULES = YES;
				CLANG_ENABLE_OBJC_ARC = YES;
				CODE_SIGN_IDENTITY = "Apple Development";
				CODE_SIGN_STYLE = Automatic;
				COPY_PHASE_STRIP = NO;
				DEVELOPMENT_TEAM = N2NN3Y9NQV;
				FRAMEWORK_SEARCH_PATHS = (
					"$(inherited)",
					"\"MyApp/Plugins/cordova-plugin-firebase\"",
					"\"MyApp/Plugins/cordova-plugin-firebase\"",
					"\"MyApp/Plugins/cordova-plugin-firebase\"",
					"\"MyApp/Plugins/cordova-plugin-firebase\"",
					"\"MyApp/Plugins/cordova-plugin-firebase\"",
					"\"MyApp/Plugins/cordova-plugin-firebase\"",
					"\"MyApp/Plugins/cordova-plugin-firebase\"",
					"\"MyApp/Plugins/cordova-plugin-firebase\"",
					"\"MyApp/Plugins/cordova-plugin-firebase\"",
					"\"MyApp/Plugins/cordova-plugin-firebase\"",
					"\"MyApp/Plugins/cordova-plugin-firebase\"",
					"\"MyApp/Plugins/cordova-plugin-firebase\"",
					"\"MyApp/Plugins/cordova-plugin-firebase\"",
					"\"MyApp/Plugins/cordova-plugin-firebase\"",
					"\"MyApp/Plugins/cordova-plugin-firebase\"",
					"\"MyApp/Plugins/cordova-plugin-firebase\"",
					"\"MyApp/Plugins/cordova-plugin-firebase\"",
					"\"MyApp/Plugins/cordova-plugin-firebase\"",
				);
				GCC_DYNAMIC_NO_PIC = NO;
				GCC_OPTIMIZATION_LEVEL = 0;
				GCC_PRECOMPILE_PREFIX_HEADER = YES;
				GCC_PREFIX_HEADER = "MyApp/MyApp-Prefix.pch";
				GCC_THUMB_SUPPORT = NO;
				GCC_VERSION = "";
				INFOPLIST_FILE = "MyApp/MyApp-Info.plist";
				IPHONEOS_DEPLOYMENT_TARGET = 11.0;
				LD_RUNPATH_SEARCH_PATHS = "$(inherited) @executable_path/Frameworks";
				PRODUCT_BUNDLE_IDENTIFIER = com.softuvo.goodlandchat;
				PRODUCT_NAME = "$(TARGET_NAME)";
				PROVISIONING_PROFILE_SPECIFIER = "";
				TARGETED_DEVICE_FAMILY = "1,2";
				VALIDATE_WORKSPACE = NO;
			};
			name = Debug;
		};
		1D6058950D05DD3E006BFB54 /* Release */ = {
			isa = XCBuildConfiguration;
			baseConfigurationReference = 3047A5101AB8059700498E2A /* build-release.xcconfig */;
			buildSettings = {
				ALWAYS_SEARCH_USER_PATHS = NO;
				ASSETCATALOG_COMPILER_APPICON_NAME = AppIcon;
				CLANG_ENABLE_MODULES = YES;
				CLANG_ENABLE_OBJC_ARC = YES;
				CODE_SIGN_IDENTITY = "Apple Development";
				CODE_SIGN_STYLE = Automatic;
				COPY_PHASE_STRIP = YES;
				DEVELOPMENT_TEAM = N2NN3Y9NQV;
				FRAMEWORK_SEARCH_PATHS = (
					"$(inherited)",
					"\"MyApp/Plugins/cordova-plugin-firebase\"",
					"\"MyApp/Plugins/cordova-plugin-firebase\"",
					"\"MyApp/Plugins/cordova-plugin-firebase\"",
					"\"MyApp/Plugins/cordova-plugin-firebase\"",
					"\"MyApp/Plugins/cordova-plugin-firebase\"",
					"\"MyApp/Plugins/cordova-plugin-firebase\"",
					"\"MyApp/Plugins/cordova-plugin-firebase\"",
					"\"MyApp/Plugins/cordova-plugin-firebase\"",
					"\"MyApp/Plugins/cordova-plugin-firebase\"",
					"\"MyApp/Plugins/cordova-plugin-firebase\"",
					"\"MyApp/Plugins/cordova-plugin-firebase\"",
					"\"MyApp/Plugins/cordova-plugin-firebase\"",
					"\"MyApp/Plugins/cordova-plugin-firebase\"",
					"\"MyApp/Plugins/cordova-plugin-firebase\"",
					"\"MyApp/Plugins/cordova-plugin-firebase\"",
					"\"MyApp/Plugins/cordova-plugin-firebase\"",
					"\"MyApp/Plugins/cordova-plugin-firebase\"",
					"\"MyApp/Plugins/cordova-plugin-firebase\"",
				);
				GCC_PRECOMPILE_PREFIX_HEADER = YES;
				GCC_PREFIX_HEADER = "MyApp/MyApp-Prefix.pch";
				GCC_THUMB_SUPPORT = NO;
				GCC_VERSION = "";
				INFOPLIST_FILE = "MyApp/MyApp-Info.plist";
				IPHONEOS_DEPLOYMENT_TARGET = 11.0;
				LD_RUNPATH_SEARCH_PATHS = "$(inherited) @executable_path/Frameworks";
				PRODUCT_BUNDLE_IDENTIFIER = com.softuvo.goodlandchat;
				PRODUCT_NAME = "$(TARGET_NAME)";
				PROVISIONING_PROFILE_SPECIFIER = "";
				TARGETED_DEVICE_FAMILY = "1,2";
				VALIDATE_WORKSPACE = NO;
			};
			name = Release;
		};
		C01FCF4F08A954540054247B /* Debug */ = {
			isa = XCBuildConfiguration;
			baseConfigurationReference = 3047A5111AB8059700498E2A /* build.xcconfig */;
			buildSettings = {
				CLANG_ANALYZER_LOCALIZABILITY_NONLOCALIZED = YES;
				CLANG_ENABLE_MODULES = YES;
				CLANG_ENABLE_OBJC_ARC = YES;
				CLANG_WARN_BLOCK_CAPTURE_AUTORELEASING = YES;
				CLANG_WARN_BOOL_CONVERSION = YES;
				CLANG_WARN_COMMA = YES;
				CLANG_WARN_CONSTANT_CONVERSION = YES;
				CLANG_WARN_DEPRECATED_OBJC_IMPLEMENTATIONS = YES;
				CLANG_WARN_EMPTY_BODY = YES;
				CLANG_WARN_ENUM_CONVERSION = YES;
				CLANG_WARN_INFINITE_RECURSION = YES;
				CLANG_WARN_INT_CONVERSION = YES;
				CLANG_WARN_NON_LITERAL_NULL_CONVERSION = YES;
				CLANG_WARN_OBJC_IMPLICIT_RETAIN_SELF = YES;
				CLANG_WARN_OBJC_LITERAL_CONVERSION = YES;
				CLANG_WARN_RANGE_LOOP_ANALYSIS = YES;
				CLANG_WARN_STRICT_PROTOTYPES = YES;
				CLANG_WARN_SUSPICIOUS_MOVE = YES;
				CLANG_WARN_UNREACHABLE_CODE = YES;
				CLANG_WARN__DUPLICATE_METHOD_MATCH = YES;
				ENABLE_STRICT_OBJC_MSGSEND = YES;
				ENABLE_TESTABILITY = YES;
				GCC_C_LANGUAGE_STANDARD = c99;
				GCC_NO_COMMON_BLOCKS = YES;
				GCC_THUMB_SUPPORT = NO;
				GCC_VERSION = "";
				GCC_WARN_64_TO_32_BIT_CONVERSION = YES;
				GCC_WARN_ABOUT_RETURN_TYPE = YES;
				GCC_WARN_UNDECLARED_SELECTOR = YES;
				GCC_WARN_UNINITIALIZED_AUTOS = YES;
				GCC_WARN_UNUSED_FUNCTION = YES;
				GCC_WARN_UNUSED_VARIABLE = YES;
				IPHONEOS_DEPLOYMENT_TARGET = 11.0;
				LD_RUNPATH_SEARCH_PATHS = "$(inherited) @executable_path/Frameworks";
				ONLY_ACTIVE_ARCH = YES;
				SDKROOT = iphoneos;
				SKIP_INSTALL = NO;
				WK_WEB_VIEW_ONLY = 1;
			};
			name = Debug;
		};
		C01FCF5008A954540054247B /* Release */ = {
			isa = XCBuildConfiguration;
			baseConfigurationReference = 3047A5111AB8059700498E2A /* build.xcconfig */;
			buildSettings = {
				CLANG_ANALYZER_LOCALIZABILITY_NONLOCALIZED = YES;
				CLANG_ENABLE_MODULES = YES;
				CLANG_ENABLE_OBJC_ARC = YES;
				CLANG_WARN_BLOCK_CAPTURE_AUTORELEASING = YES;
				CLANG_WARN_BOOL_CONVERSION = YES;
				CLANG_WARN_COMMA = YES;
				CLANG_WARN_CONSTANT_CONVERSION = YES;
				CLANG_WARN_DEPRECATED_OBJC_IMPLEMENTATIONS = YES;
				CLANG_WARN_EMPTY_BODY = YES;
				CLANG_WARN_ENUM_CONVERSION = YES;
				CLANG_WARN_INFINITE_RECURSION = YES;
				CLANG_WARN_INT_CONVERSION = YES;
				CLANG_WARN_NON_LITERAL_NULL_CONVERSION = YES;
				CLANG_WARN_OBJC_IMPLICIT_RETAIN_SELF = YES;
				CLANG_WARN_OBJC_LITERAL_CONVERSION = YES;
				CLANG_WARN_RANGE_LOOP_ANALYSIS = YES;
				CLANG_WARN_STRICT_PROTOTYPES = YES;
				CLANG_WARN_SUSPICIOUS_MOVE = YES;
				CLANG_WARN_UNREACHABLE_CODE = YES;
				CLANG_WARN__DUPLICATE_METHOD_MATCH = YES;
				ENABLE_STRICT_OBJC_MSGSEND = YES;
				GCC_C_LANGUAGE_STANDARD = c99;
				GCC_NO_COMMON_BLOCKS = YES;
				GCC_THUMB_SUPPORT = NO;
				GCC_VERSION = "";
				GCC_WARN_64_TO_32_BIT_CONVERSION = YES;
				GCC_WARN_ABOUT_RETURN_TYPE = YES;
				GCC_WARN_UNDECLARED_SELECTOR = YES;
				GCC_WARN_UNINITIALIZED_AUTOS = YES;
				GCC_WARN_UNUSED_FUNCTION = YES;
				GCC_WARN_UNUSED_VARIABLE = YES;
				IPHONEOS_DEPLOYMENT_TARGET = 11.0;
				LD_RUNPATH_SEARCH_PATHS = "$(inherited) @executable_path/Frameworks";
				SDKROOT = iphoneos;
				SKIP_INSTALL = NO;
				WK_WEB_VIEW_ONLY = 1;
			};
			name = Release;
		};
/* End XCBuildConfiguration section */

/* Begin XCConfigurationList section */
		1D6058960D05DD3E006BFB54 /* Build configuration list for PBXNativeTarget "MyApp" */ = {
			isa = XCConfigurationList;
			buildConfigurations = (
				1D6058940D05DD3E006BFB54 /* Debug */,
				1D6058950D05DD3E006BFB54 /* Release */,
			);
			defaultConfigurationIsVisible = 0;
			defaultConfigurationName = Release;
		};
		C01FCF4E08A954540054247B /* Build configuration list for PBXProject "MyApp" */ = {
			isa = XCConfigurationList;
			buildConfigurations = (
				C01FCF4F08A954540054247B /* Debug */,
				C01FCF5008A954540054247B /* Release */,
			);
			defaultConfigurationIsVisible = 0;
			defaultConfigurationName = Release;
		};
/* End XCConfigurationList section */
	};
	rootObject = 29B97313FDCFA39411CA2CEA /* Project object */;
}
